
Microsoft Visual Studio Solution File, Format Version 12.00
# Visual Studio Version 17
VisualStudioVersion = 17.4.33213.308
MinimumVisualStudioVersion = 10.0.40219.1
Project("{FAE04EC0-301F-11D3-BF4B-00C04F79EFBC}") = "ArmstrongNumber", "ArmstrongNumber.csproj", "{FA8AF644-972A-47BC-97C5-A03F1CA664FC}"
EndProject
Global
	GlobalSection(SolutionConfigurationPlatforms) = preSolution
		Debug|Any CPU = Debug|Any CPU
		Release|Any CPU = Release|Any CPU
	EndGlobalSection
	GlobalSection(ProjectConfigurationPlatforms) = postSolution
		{FA8AF644-972A-47BC-97C5-A03F1CA664FC}.Debug|Any CPU.ActiveCfg = Debug|Any CPU
		{FA8AF644-972A-47BC-97C5-A03F1CA664FC}.Debug|Any CPU.Build.0 = Debug|Any CPU
		{FA8AF644-972A-47BC-97C5-A03F1CA664FC}.Release|Any CPU.ActiveCfg = Release|Any CPU
		{FA8AF644-972A-47BC-97C5-A03F1CA664FC}.Release|Any CPU.Build.0 = Release|Any CPU
	EndGlobalSection
	GlobalSection(SolutionProperties) = preSolution
		HideSolutionNode = FALSE
	EndGlobalSection
	GlobalSection(ExtensibilityGlobals) = postSolution
		SolutionGuid = {90F458CA-AF72-4148-A593-D2D66F55D710}
	EndGlobalSection
EndGlobal
